
Microsoft Visual Studio Solution File, Format Version 12.00
# Visual Studio Version 16
VisualStudioVersion = 16.0.30717.126
MinimumVisualStudioVersion = 10.0.40219.1
Project("{FAE04EC0-301F-11D3-BF4B-00C04F79EFBC}") = "ClientProfitCenterTest", "ClientProfitCenterTest.csproj", "{52F70B97-57F3-479A-89E1-8481C667E9E5}"
EndProject
Global
	GlobalSection(SolutionConfigurationPlatforms) = preSolution
		Debug|Any CPU = Debug|Any CPU
		Release|Any CPU = Release|Any CPU
	EndGlobalSection
	GlobalSection(ProjectConfigurationPlatforms) = postSolution
		{52F70B97-57F3-479A-89E1-8481C667E9E5}.Debug|Any CPU.ActiveCfg = Debug|Any CPU
		{52F70B97-57F3-479A-89E1-8481C667E9E5}.Debug|Any CPU.Build.0 = Debug|Any CPU
		{52F70B97-57F3-479A-89E1-8481C667E9E5}.Release|Any CPU.ActiveCfg = Release|Any CPU
		{52F70B97-57F3-479A-89E1-8481C667E9E5}.Release|Any CPU.Build.0 = Release|Any CPU
	EndGlobalSection
	GlobalSection(SolutionProperties) = preSolution
		HideSolutionNode = FALSE
	EndGlobalSection
	GlobalSection(ExtensibilityGlobals) = postSolution
		SolutionGuid = {BC9BD7E1-FE97-478A-99B8-FDE119D1DBCE}
	EndGlobalSection
EndGlobal
